
Microsoft Visual Studio Solution File, Format Version 12.00
# Visual Studio Version 17
VisualStudioVersion = 17.11.35312.102
MinimumVisualStudioVersion = 10.0.40219.1
Project("{8BC9CEB8-8B4A-11D0-8D11-00A0C91BC942}") = "P18", "P18\P18.vcxproj", "{524F19E7-7F2A-4114-A229-79FA91069101}"
EndProject
Global
	GlobalSection(SolutionConfigurationPlatforms) = preSolution
		Debug|x64 = Debug|x64
		Debug|x86 = Debug|x86
		Release|x64 = Release|x64
		Release|x86 = Release|x86
	EndGlobalSection
	GlobalSection(ProjectConfigurationPlatforms) = postSolution
		{524F19E7-7F2A-4114-A229-79FA91069101}.Debug|x64.ActiveCfg = Debug|x64
		{524F19E7-7F2A-4114-A229-79FA91069101}.Debug|x64.Build.0 = Debug|x64
		{524F19E7-7F2A-4114-A229-79FA91069101}.Debug|x86.ActiveCfg = Debug|Win32
		{524F19E7-7F2A-4114-A229-79FA91069101}.Debug|x86.Build.0 = Debug|Win32
		{524F19E7-7F2A-4114-A229-79FA91069101}.Release|x64.ActiveCfg = Release|x64
		{524F19E7-7F2A-4114-A229-79FA91069101}.Release|x64.Build.0 = Release|x64
		{524F19E7-7F2A-4114-A229-79FA91069101}.Release|x86.ActiveCfg = Release|Win32
		{524F19E7-7F2A-4114-A229-79FA91069101}.Release|x86.Build.0 = Release|Win32
	EndGlobalSection
	GlobalSection(SolutionProperties) = preSolution
		HideSolutionNode = FALSE
	EndGlobalSection
	GlobalSection(ExtensibilityGlobals) = postSolution
		SolutionGuid = {04F3994B-527E-43FE-936C-8974223BC401}
	EndGlobalSection
EndGlobal
